// !$*UTF8*$!
{
	archiveVersion = 1;
	classes = {
	};
	objectVersion = 45;
	objects = {

/* Begin PBXBuildFile section */
		942616301198BFF8002FDB6F /* JSON.h in Headers */ = {isa = PBXBuildFile; fileRef = 942616231198BFF8002FDB6F /* JSON.h */; };
		942616311198BFF8002FDB6F /* NSObject+SBJSON.h in Headers */ = {isa = PBXBuildFile; fileRef = 942616241198BFF8002FDB6F /* NSObject+SBJSON.h */; };
		942616321198BFF8002FDB6F /* NSObject+SBJSON.m in Sources */ = {isa = PBXBuildFile; fileRef = 942616251198BFF8002FDB6F /* NSObject+SBJSON.m */; };
		942616331198BFF8002FDB6F /* NSString+SBJSON.h in Headers */ = {isa = PBXBuildFile; fileRef = 942616261198BFF8002FDB6F /* NSString+SBJSON.h */; };
		942616341198BFF8002FDB6F /* NSString+SBJSON.m in Sources */ = {isa = PBXBuildFile; fileRef = 942616271198BFF8002FDB6F /* NSString+SBJSON.m */; };
		942616351198BFF8002FDB6F /* SBJSON.h in Headers */ = {isa = PBXBuildFile; fileRef = 942616281198BFF8002FDB6F /* SBJSON.h */; };
		942616361198BFF8002FDB6F /* SBJSON.m in Sources */ = {isa = PBXBuildFile; fileRef = 942616291198BFF8002FDB6F /* SBJSON.m */; };
		942616371198BFF8002FDB6F /* SBJsonBase.h in Headers */ = {isa = PBXBuildFile; fileRef = 9426162A1198BFF8002FDB6F /* SBJsonBase.h */; };
		942616381198BFF8002FDB6F /* SBJsonBase.m in Sources */ = {isa = PBXBuildFile; fileRef = 9426162B1198BFF8002FDB6F /* SBJsonBase.m */; };
		942616391198BFF8002FDB6F /* SBJsonParser.h in Headers */ = {isa = PBXBuildFile; fileRef = 9426162C1198BFF8002FDB6F /* SBJsonParser.h */; };
		9426163A1198BFF8002FDB6F /* SBJsonParser.m in Sources */ = {isa = PBXBuildFile; fileRef = 9426162D1198BFF8002FDB6F /* SBJsonParser.m */; };
		9426163B1198BFF8002FDB6F /* SBJsonWriter.h in Headers */ = {isa = PBXBuildFile; fileRef = 9426162E1198BFF8002FDB6F /* SBJsonWriter.h */; };
		9426163C1198BFF8002FDB6F /* SBJsonWriter.m in Sources */ = {isa = PBXBuildFile; fileRef = 9426162F1198BFF8002FDB6F /* SBJsonWriter.m */; };
		94E95CBD11975F4B00A462E1 /* FacebookProxy.h in Headers */ = {isa = PBXBuildFile; fileRef = 94E95CB911975F4B00A462E1 /* FacebookProxy.h */; };
		94E95CBE11975F4B00A462E1 /* FacebookProxy.m in Sources */ = {isa = PBXBuildFile; fileRef = 94E95CBA11975F4B00A462E1 /* FacebookProxy.m */; };
		94E95CBF11975F4B00A462E1 /* GraphAPI.h in Headers */ = {isa = PBXBuildFile; fileRef = 94E95CBB11975F4B00A462E1 /* GraphAPI.h */; };
		94E95CC011975F4B00A462E1 /* GraphAPI.m in Sources */ = {isa = PBXBuildFile; fileRef = 94E95CBC11975F4B00A462E1 /* GraphAPI.m */; };
		AA747D9F0F9514B9006C5449 /* bamboo_Prefix.pch in Headers */ = {isa = PBXBuildFile; fileRef = AA747D9E0F9514B9006C5449 /* bamboo_Prefix.pch */; };
		AACBBE4A0F95108600F1A2B1 /* Foundation.framework in Frameworks */ = {isa = PBXBuildFile; fileRef = AACBBE490F95108600F1A2B1 /* Foundation.framework */; };
/* End PBXBuildFile section */

/* Begin PBXContainerItemProxy section */
		94E95D031197603700A462E1 /* PBXContainerItemProxy */ = {
			isa = PBXContainerItemProxy;
			containerPortal = 94E95CFF1197603700A462E1 /* FBConnect.xcodeproj */;
			proxyType = 2;
			remoteGlobalIDString = BE61A71B0DE2551300D4F7B9;
			remoteInfo = FBPlatform;
		};
/* End PBXContainerItemProxy section */

/* Begin PBXFileReference section */
		942616231198BFF8002FDB6F /* JSON.h */ = {isa = PBXFileReference; fileEncoding = 4; lastKnownFileType = sourcecode.c.h; path = JSON.h; sourceTree = "<group>"; };
		942616241198BFF8002FDB6F /* NSObject+SBJSON.h */ = {isa = PBXFileReference; fileEncoding = 4; lastKnownFileType = sourcecode.c.h; path = "NSObject+SBJSON.h"; sourceTree = "<group>"; };
		942616251198BFF8002FDB6F /* NSObject+SBJSON.m */ = {isa = PBXFileReference; fileEncoding = 4; lastKnownFileType = sourcecode.c.objc; path = "NSObject+SBJSON.m"; sourceTree = "<group>"; };
		942616261198BFF8002FDB6F /* NSString+SBJSON.h */ = {isa = PBXFileReference; fileEncoding = 4; lastKnownFileType = sourcecode.c.h; path = "NSString+SBJSON.h"; sourceTree = "<group>"; };
		942616271198BFF8002FDB6F /* NSString+SBJSON.m */ = {isa = PBXFileReference; fileEncoding = 4; lastKnownFileType = sourcecode.c.objc; path = "NSString+SBJSON.m"; sourceTree = "<group>"; };
		942616281198BFF8002FDB6F /* SBJSON.h */ = {isa = PBXFileReference; fileEncoding = 4; lastKnownFileType = sourcecode.c.h; path = SBJSON.h; sourceTree = "<group>"; };
		942616291198BFF8002FDB6F /* SBJSON.m */ = {isa = PBXFileReference; fileEncoding = 4; lastKnownFileType = sourcecode.c.objc; path = SBJSON.m; sourceTree = "<group>"; };
		9426162A1198BFF8002FDB6F /* SBJsonBase.h */ = {isa = PBXFileReference; fileEncoding = 4; lastKnownFileType = sourcecode.c.h; path = SBJsonBase.h; sourceTree = "<group>"; };
		9426162B1198BFF8002FDB6F /* SBJsonBase.m */ = {isa = PBXFileReference; fileEncoding = 4; lastKnownFileType = sourcecode.c.objc; path = SBJsonBase.m; sourceTree = "<group>"; };
		9426162C1198BFF8002FDB6F /* SBJsonParser.h */ = {isa = PBXFileReference; fileEncoding = 4; lastKnownFileType = sourcecode.c.h; path = SBJsonParser.h; sourceTree = "<group>"; };
		9426162D1198BFF8002FDB6F /* SBJsonParser.m */ = {isa = PBXFileReference; fileEncoding = 4; lastKnownFileType = sourcecode.c.objc; path = SBJsonParser.m; sourceTree = "<group>"; };
		9426162E1198BFF8002FDB6F /* SBJsonWriter.h */ = {isa = PBXFileReference; fileEncoding = 4; lastKnownFileType = sourcecode.c.h; path = SBJsonWriter.h; sourceTree = "<group>"; };
		9426162F1198BFF8002FDB6F /* SBJsonWriter.m */ = {isa = PBXFileReference; fileEncoding = 4; lastKnownFileType = sourcecode.c.objc; path = SBJsonWriter.m; sourceTree = "<group>"; };
		942616BD1198D0B0002FDB6F /* License.txt */ = {isa = PBXFileReference; fileEncoding = 4; lastKnownFileType = text; name = License.txt; path = ../bamboo/License.txt; sourceTree = SOURCE_ROOT; };
		942616BE1198D0B0002FDB6F /* Readme.md */ = {isa = PBXFileReference; fileEncoding = 4; lastKnownFileType = text; name = Readme.md; path = ../bamboo/Readme.md; sourceTree = SOURCE_ROOT; };
		94E95CB911975F4B00A462E1 /* FacebookProxy.h */ = {isa = PBXFileReference; fileEncoding = 4; lastKnownFileType = sourcecode.c.h; name = FacebookProxy.h; path = Classes/FacebookProxy.h; sourceTree = "<group>"; };
		94E95CBA11975F4B00A462E1 /* FacebookProxy.m */ = {isa = PBXFileReference; fileEncoding = 4; lastKnownFileType = sourcecode.c.objc; name = FacebookProxy.m; path = Classes/FacebookProxy.m; sourceTree = "<group>"; };
		94E95CBB11975F4B00A462E1 /* GraphAPI.h */ = {isa = PBXFileReference; fileEncoding = 4; lastKnownFileType = sourcecode.c.h; name = GraphAPI.h; path = Classes/GraphAPI.h; sourceTree = "<group>"; };
		94E95CBC11975F4B00A462E1 /* GraphAPI.m */ = {isa = PBXFileReference; fileEncoding = 4; lastKnownFileType = sourcecode.c.objc; name = GraphAPI.m; path = Classes/GraphAPI.m; sourceTree = "<group>"; };
		94E95CFF1197603700A462E1 /* FBConnect.xcodeproj */ = {isa = PBXFileReference; lastKnownFileType = "wrapper.pb-project"; name = FBConnect.xcodeproj; path = "../facebook-iphone-sdk/src/FBConnect.xcodeproj"; sourceTree = SOURCE_ROOT; };
		AA747D9E0F9514B9006C5449 /* bamboo_Prefix.pch */ = {isa = PBXFileReference; fileEncoding = 4; lastKnownFileType = sourcecode.c.h; path = bamboo_Prefix.pch; sourceTree = SOURCE_ROOT; };
		AACBBE490F95108600F1A2B1 /* Foundation.framework */ = {isa = PBXFileReference; lastKnownFileType = wrapper.framework; name = Foundation.framework; path = System/Library/Frameworks/Foundation.framework; sourceTree = SDKROOT; };
		D2AAC07E0554694100DB518D /* libbamboo.a */ = {isa = PBXFileReference; explicitFileType = archive.ar; includeInIndex = 0; path = libbamboo.a; sourceTree = BUILT_PRODUCTS_DIR; };
/* End PBXFileReference section */

/* Begin PBXFrameworksBuildPhase section */
		D2AAC07C0554694100DB518D /* Frameworks */ = {
			isa = PBXFrameworksBuildPhase;
			buildActionMask = 2147483647;
			files = (
				AACBBE4A0F95108600F1A2B1 /* Foundation.framework in Frameworks */,
			);
			runOnlyForDeploymentPostprocessing = 0;
		};
/* End PBXFrameworksBuildPhase section */

/* Begin PBXGroup section */
		034768DFFF38A50411DB9C8B /* Products */ = {
			isa = PBXGroup;
			children = (
				D2AAC07E0554694100DB518D /* libbamboo.a */,
			);
			name = Products;
			sourceTree = "<group>";
		};
		0867D691FE84028FC02AAC07 /* bamboo */ = {
			isa = PBXGroup;
			children = (
				08FB77AEFE84172EC02AAC07 /* Classes */,
				32C88DFF0371C24200C91783 /* Other Sources */,
				94E95CE41197602D00A462E1 /* Libraries */,
				942616BC1198D0A2002FDB6F /* Documents */,
				0867D69AFE84028FC02AAC07 /* Frameworks */,
				034768DFFF38A50411DB9C8B /* Products */,
			);
			name = bamboo;
			sourceTree = "<group>";
		};
		0867D69AFE84028FC02AAC07 /* Frameworks */ = {
			isa = PBXGroup;
			children = (
				AACBBE490F95108600F1A2B1 /* Foundation.framework */,
			);
			name = Frameworks;
			sourceTree = "<group>";
		};
		08FB77AEFE84172EC02AAC07 /* Classes */ = {
			isa = PBXGroup;
			children = (
				94E95CB911975F4B00A462E1 /* FacebookProxy.h */,
				94E95CBA11975F4B00A462E1 /* FacebookProxy.m */,
				94E95CBB11975F4B00A462E1 /* GraphAPI.h */,
				94E95CBC11975F4B00A462E1 /* GraphAPI.m */,
			);
			name = Classes;
			sourceTree = "<group>";
		};
		32C88DFF0371C24200C91783 /* Other Sources */ = {
			isa = PBXGroup;
			children = (
				AA747D9E0F9514B9006C5449 /* bamboo_Prefix.pch */,
			);
			name = "Other Sources";
			sourceTree = "<group>";
		};
		942616221198BFF8002FDB6F /* json-framework */ = {
			isa = PBXGroup;
			children = (
				942616231198BFF8002FDB6F /* JSON.h */,
				942616241198BFF8002FDB6F /* NSObject+SBJSON.h */,
				942616251198BFF8002FDB6F /* NSObject+SBJSON.m */,
				942616261198BFF8002FDB6F /* NSString+SBJSON.h */,
				942616271198BFF8002FDB6F /* NSString+SBJSON.m */,
				942616281198BFF8002FDB6F /* SBJSON.h */,
				942616291198BFF8002FDB6F /* SBJSON.m */,
				9426162A1198BFF8002FDB6F /* SBJsonBase.h */,
				9426162B1198BFF8002FDB6F /* SBJsonBase.m */,
				9426162C1198BFF8002FDB6F /* SBJsonParser.h */,
				9426162D1198BFF8002FDB6F /* SBJsonParser.m */,
				9426162E1198BFF8002FDB6F /* SBJsonWriter.h */,
				9426162F1198BFF8002FDB6F /* SBJsonWriter.m */,
			);
			name = "json-framework";
			path = "../bamboo/Libraries/json-framework";
			sourceTree = SOURCE_ROOT;
		};
		942616BC1198D0A2002FDB6F /* Documents */ = {
			isa = PBXGroup;
			children = (
				942616BE1198D0B0002FDB6F /* Readme.md */,
				942616BD1198D0B0002FDB6F /* License.txt */,
			);
			name = Documents;
			sourceTree = "<group>";
		};
		94E95CE41197602D00A462E1 /* Libraries */ = {
			isa = PBXGroup;
			children = (
				942616221198BFF8002FDB6F /* json-framework */,
				94E95CFF1197603700A462E1 /* FBConnect.xcodeproj */,
			);
			name = Libraries;
			sourceTree = "<group>";
		};
		94E95D001197603700A462E1 /* Products */ = {
			isa = PBXGroup;
			children = (
				94E95D041197603700A462E1 /* libFBPlatform.a */,
			);
			name = Products;
			sourceTree = "<group>";
		};
/* End PBXGroup section */

/* Begin PBXHeadersBuildPhase section */
		D2AAC07A0554694100DB518D /* Headers */ = {
			isa = PBXHeadersBuildPhase;
			buildActionMask = 2147483647;
			files = (
				AA747D9F0F9514B9006C5449 /* bamboo_Prefix.pch in Headers */,
				94E95CBD11975F4B00A462E1 /* FacebookProxy.h in Headers */,
				94E95CBF11975F4B00A462E1 /* GraphAPI.h in Headers */,
				942616301198BFF8002FDB6F /* JSON.h in Headers */,
				942616311198BFF8002FDB6F /* NSObject+SBJSON.h in Headers */,
				942616331198BFF8002FDB6F /* NSString+SBJSON.h in Headers */,
				942616351198BFF8002FDB6F /* SBJSON.h in Headers */,
				942616371198BFF8002FDB6F /* SBJsonBase.h in Headers */,
				942616391198BFF8002FDB6F /* SBJsonParser.h in Headers */,
				9426163B1198BFF8002FDB6F /* SBJsonWriter.h in Headers */,
			);
			runOnlyForDeploymentPostprocessing = 0;
		};
/* End PBXHeadersBuildPhase section */

/* Begin PBXNativeTarget section */
		D2AAC07D0554694100DB518D /* bamboo */ = {
			isa = PBXNativeTarget;
			buildConfigurationList = 1DEB921E08733DC00010E9CD /* Build configuration list for PBXNativeTarget "bamboo" */;
			buildPhases = (
				D2AAC07A0554694100DB518D /* Headers */,
				D2AAC07B0554694100DB518D /* Sources */,
				D2AAC07C0554694100DB518D /* Frameworks */,
			);
			buildRules = (
			);
			dependencies = (
			);
			name = bamboo;
			productName = bamboo;
			productReference = D2AAC07E0554694100DB518D /* libbamboo.a */;
			productType = "com.apple.product-type.library.static";
		};
/* End PBXNativeTarget section */

/* Begin PBXProject section */
		0867D690FE84028FC02AAC07 /* Project object */ = {
			isa = PBXProject;
			buildConfigurationList = 1DEB922208733DC00010E9CD /* Build configuration list for PBXProject "Bamboo" */;
			compatibilityVersion = "Xcode 3.1";
			hasScannedForEncodings = 1;
			mainGroup = 0867D691FE84028FC02AAC07 /* bamboo */;
			productRefGroup = 034768DFFF38A50411DB9C8B /* Products */;
			projectDirPath = "";
			projectReferences = (
				{
					ProductGroup = 94E95D001197603700A462E1 /* Products */;
					ProjectRef = 94E95CFF1197603700A462E1 /* FBConnect.xcodeproj */;
				},
			);
			projectRoot = "";
			targets = (
				D2AAC07D0554694100DB518D /* bamboo */,
			);
		};
/* End PBXProject section */

/* Begin PBXReferenceProxy section */
		94E95D041197603700A462E1 /* libFBPlatform.a */ = {
			isa = PBXReferenceProxy;
			fileType = archive.ar;
			path = libFBPlatform.a;
			remoteRef = 94E95D031197603700A462E1 /* PBXContainerItemProxy */;
			sourceTree = BUILT_PRODUCTS_DIR;
		};
/* End PBXReferenceProxy section */

/* Begin PBXSourcesBuildPhase section */
		D2AAC07B0554694100DB518D /* Sources */ = {
			isa = PBXSourcesBuildPhase;
			buildActionMask = 2147483647;
			files = (
				94E95CBE11975F4B00A462E1 /* FacebookProxy.m in Sources */,
				94E95CC011975F4B00A462E1 /* GraphAPI.m in Sources */,
				942616321198BFF8002FDB6F /* NSObject+SBJSON.m in Sources */,
				942616341198BFF8002FDB6F /* NSString+SBJSON.m in Sources */,
				942616361198BFF8002FDB6F /* SBJSON.m in Sources */,
				942616381198BFF8002FDB6F /* SBJsonBase.m in Sources */,
				9426163A1198BFF8002FDB6F /* SBJsonParser.m in Sources */,
				9426163C1198BFF8002FDB6F /* SBJsonWriter.m in Sources */,
			);
			runOnlyForDeploymentPostprocessing = 0;
		};
/* End PBXSourcesBuildPhase section */

/* Begin XCBuildConfiguration section */
		1DEB921F08733DC00010E9CD /* Debug */ = {
			isa = XCBuildConfiguration;
			buildSettings = {
				ALWAYS_SEARCH_USER_PATHS = NO;
				ARCHS = "$(ARCHS_STANDARD_32_BIT)";
				COPY_PHASE_STRIP = NO;
				DSTROOT = /tmp/bamboo.dst;
				GCC_DYNAMIC_NO_PIC = NO;
				GCC_ENABLE_FIX_AND_CONTINUE = YES;
				GCC_MODEL_TUNING = G5;
				GCC_OPTIMIZATION_LEVEL = 0;
				GCC_PRECOMPILE_PREFIX_HEADER = YES;
				GCC_PREFIX_HEADER = bamboo_Prefix.pch;
				INSTALL_PATH = /usr/local/lib;
				PRODUCT_NAME = bamboo;
			};
			name = Debug;
		};
		1DEB922008733DC00010E9CD /* Release */ = {
			isa = XCBuildConfiguration;
			buildSettings = {
				ALWAYS_SEARCH_USER_PATHS = NO;
				ARCHS = "$(ARCHS_STANDARD_32_BIT)";
				DSTROOT = /tmp/bamboo.dst;
				GCC_MODEL_TUNING = G5;
				GCC_PRECOMPILE_PREFIX_HEADER = YES;
				GCC_PREFIX_HEADER = bamboo_Prefix.pch;
				INSTALL_PATH = /usr/local/lib;
				PRODUCT_NAME = bamboo;
			};
			name = Release;
		};
		1DEB922308733DC00010E9CD /* Debug */ = {
			isa = XCBuildConfiguration;
			buildSettings = {
				ARCHS = "$(ARCHS_STANDARD_32_BIT)";
				GCC_C_LANGUAGE_STANDARD = c99;
				GCC_OPTIMIZATION_LEVEL = 0;
				GCC_TREAT_WARNINGS_AS_ERRORS = YES;
				GCC_WARN_ABOUT_RETURN_TYPE = YES;
				GCC_WARN_SHADOW = YES;
				GCC_WARN_UNUSED_VARIABLE = YES;
				HEADER_SEARCH_PATHS = "${PROJECT_DIR}/../facebook-iphone-sdk/src";
				OTHER_LDFLAGS = "-ObjC";
				PREBINDING = NO;
				SDKROOT = iphoneos3.2;
			};
			name = Debug;
		};
		1DEB922408733DC00010E9CD /* Release */ = {
			isa = XCBuildConfiguration;
			buildSettings = {
				ARCHS = "$(ARCHS_STANDARD_32_BIT)";
				GCC_C_LANGUAGE_STANDARD = c99;
				GCC_TREAT_WARNINGS_AS_ERRORS = YES;
				GCC_WARN_ABOUT_RETURN_TYPE = YES;
				GCC_WARN_SHADOW = YES;
				GCC_WARN_UNUSED_VARIABLE = YES;
				HEADER_SEARCH_PATHS = "${PROJECT_DIR}/../facebook-iphone-sdk/src";
				OTHER_LDFLAGS = "-ObjC";
				PREBINDING = NO;
				SDKROOT = iphoneos3.2;
			};
			name = Release;
		};
/* End XCBuildConfiguration section */

/* Begin XCConfigurationList section */
		1DEB921E08733DC00010E9CD /* Build configuration list for PBXNativeTarget "bamboo" */ = {
			isa = XCConfigurationList;
			buildConfigurations = (
				1DEB921F08733DC00010E9CD /* Debug */,
				1DEB922008733DC00010E9CD /* Release */,
			);
			defaultConfigurationIsVisible = 0;
			defaultConfigurationName = Release;
		};
		1DEB922208733DC00010E9CD /* Build configuration list for PBXProject "Bamboo" */ = {
			isa = XCConfigurationList;
			buildConfigurations = (
				1DEB922308733DC00010E9CD /* Debug */,
				1DEB922408733DC00010E9CD /* Release */,
			);
			defaultConfigurationIsVisible = 0;
			defaultConfigurationName = Release;
		};
/* End XCConfigurationList section */
	};
	rootObject = 0867D690FE84028FC02AAC07 /* Project object */;
}
