// !$*UTF8*$!
{
	archiveVersion = 1;
	classes = {
	};
	objectVersion = 45;
	objects = {

/* Begin PBXBuildFile section */
		1D60589B0D05DD56006BFB54 /* main.m in Sources */ = {isa = PBXBuildFile; fileRef = 29B97316FDCFA39411CA2CEA /* main.m */; };
		1D60589F0D05DD5A006BFB54 /* Foundation.framework in Frameworks */ = {isa = PBXBuildFile; fileRef = 1D30AB110D05D00D00671497 /* Foundation.framework */; };
		1DF5F4E00D08C38300B7A737 /* UIKit.framework in Frameworks */ = {isa = PBXBuildFile; fileRef = 1DF5F4DF0D08C38300B7A737 /* UIKit.framework */; };
		2860E328111B887F00E27156 /* AppDelegate_Phone.m in Sources */ = {isa = PBXBuildFile; fileRef = 2860E326111B887F00E27156 /* AppDelegate_Phone.m */; };
		2860E32E111B888700E27156 /* AppDelegate_Pad.m in Sources */ = {isa = PBXBuildFile; fileRef = 2860E32C111B888700E27156 /* AppDelegate_Pad.m */; };
		288765FD0DF74451002DB57D /* CoreGraphics.framework in Frameworks */ = {isa = PBXBuildFile; fileRef = 288765FC0DF74451002DB57D /* CoreGraphics.framework */; };
		947BF3CF1194CA590044AB96 /* MainController.m in Sources */ = {isa = PBXBuildFile; fileRef = 947BF3CE1194CA590044AB96 /* MainController.m */; };
		947BF3D21194CA630044AB96 /* FacebookGraph.m in Sources */ = {isa = PBXBuildFile; fileRef = 947BF3D11194CA630044AB96 /* FacebookGraph.m */; };
		947BF4641194CC320044AB96 /* Util.m in Sources */ = {isa = PBXBuildFile; fileRef = 947BF44F1194CC320044AB96 /* Util.m */; };
		947BF4651194CC320044AB96 /* rcloudlibconstants.m in Sources */ = {isa = PBXBuildFile; fileRef = 947BF4501194CC320044AB96 /* rcloudlibconstants.m */; };
		947BF4661194CC320044AB96 /* UIControl-Expanded.m in Sources */ = {isa = PBXBuildFile; fileRef = 947BF4521194CC320044AB96 /* UIControl-Expanded.m */; };
		947BF4671194CC320044AB96 /* UITextView-Expanded.m in Sources */ = {isa = PBXBuildFile; fileRef = 947BF4531194CC320044AB96 /* UITextView-Expanded.m */; };
		947BF4681194CC320044AB96 /* UIViewController-Expanded.m in Sources */ = {isa = PBXBuildFile; fileRef = 947BF4541194CC320044AB96 /* UIViewController-Expanded.m */; };
		947BF4691194CC320044AB96 /* UIColor-Expanded.m in Sources */ = {isa = PBXBuildFile; fileRef = 947BF4551194CC320044AB96 /* UIColor-Expanded.m */; };
		947BF46A1194CC320044AB96 /* UIView-Expanded.m in Sources */ = {isa = PBXBuildFile; fileRef = 947BF4561194CC320044AB96 /* UIView-Expanded.m */; };
		947BF46B1194CC320044AB96 /* UIImage-Expanded.m in Sources */ = {isa = PBXBuildFile; fileRef = 947BF4571194CC320044AB96 /* UIImage-Expanded.m */; };
		947BF46C1194CC320044AB96 /* UISwitch-Extended.m in Sources */ = {isa = PBXBuildFile; fileRef = 947BF4581194CC320044AB96 /* UISwitch-Extended.m */; };
		947BF46D1194CC320044AB96 /* BitmapView.m in Sources */ = {isa = PBXBuildFile; fileRef = 947BF45A1194CC320044AB96 /* BitmapView.m */; };
		947BF46E1194CC320044AB96 /* FieldEditController.m in Sources */ = {isa = PBXBuildFile; fileRef = 947BF45B1194CC320044AB96 /* FieldEditController.m */; };
		947BF46F1194CC320044AB96 /* RCLabel.m in Sources */ = {isa = PBXBuildFile; fileRef = 947BF45C1194CC320044AB96 /* RCLabel.m */; };
		947BF4701194CC320044AB96 /* CustomFontBase.m in Sources */ = {isa = PBXBuildFile; fileRef = 947BF45D1194CC320044AB96 /* CustomFontBase.m */; };
		947BF4711194CC320044AB96 /* ImagePickerController.m in Sources */ = {isa = PBXBuildFile; fileRef = 947BF45E1194CC320044AB96 /* ImagePickerController.m */; };
		947BF4721194CC320044AB96 /* ImageButton.m in Sources */ = {isa = PBXBuildFile; fileRef = 947BF45F1194CC320044AB96 /* ImageButton.m */; };
		947BF4731194CC320044AB96 /* BusyViewController.m in Sources */ = {isa = PBXBuildFile; fileRef = 947BF4601194CC320044AB96 /* BusyViewController.m */; };
		947BF4741194CC320044AB96 /* RoundedView.m in Sources */ = {isa = PBXBuildFile; fileRef = 947BF4611194CC320044AB96 /* RoundedView.m */; };
		947BF4751194CC320044AB96 /* 1_bar_table_transcorners.png in Resources */ = {isa = PBXBuildFile; fileRef = 947BF4631194CC320044AB96 /* 1_bar_table_transcorners.png */; };
		947BF48C1194CD3E0044AB96 /* Constants.m in Sources */ = {isa = PBXBuildFile; fileRef = 947BF48B1194CD3E0044AB96 /* Constants.m */; };
		947BF4941194CEE30044AB96 /* libFBPlatform.a in Frameworks */ = {isa = PBXBuildFile; fileRef = 947BF4931194CEE30044AB96 /* libFBPlatform.a */; };
		947BF4961194CEF50044AB96 /* QuartzCore.framework in Frameworks */ = {isa = PBXBuildFile; fileRef = 947BF4951194CEF50044AB96 /* QuartzCore.framework */; };
		9495A1841191650F00BA21E3 /* Entitlements.plist in Resources */ = {isa = PBXBuildFile; fileRef = 9495A1831191650F00BA21E3 /* Entitlements.plist */; };
/* End PBXBuildFile section */

/* Begin PBXContainerItemProxy section */
		947BF3E81194CAF20044AB96 /* PBXContainerItemProxy */ = {
			isa = PBXContainerItemProxy;
			containerPortal = 947BF3E41194CAF20044AB96 /* FBConnect.xcodeproj */;
			proxyType = 2;
			remoteGlobalIDString = BE61A71B0DE2551300D4F7B9;
			remoteInfo = FBPlatform;
		};
/* End PBXContainerItemProxy section */

/* Begin PBXFileReference section */
		1D30AB110D05D00D00671497 /* Foundation.framework */ = {isa = PBXFileReference; lastKnownFileType = wrapper.framework; name = Foundation.framework; path = System/Library/Frameworks/Foundation.framework; sourceTree = SDKROOT; };
		1D6058910D05DD3D006BFB54 /* friendgraph.app */ = {isa = PBXFileReference; explicitFileType = wrapper.application; includeInIndex = 0; path = friendgraph.app; sourceTree = BUILT_PRODUCTS_DIR; };
		1DF5F4DF0D08C38300B7A737 /* UIKit.framework */ = {isa = PBXFileReference; lastKnownFileType = wrapper.framework; name = UIKit.framework; path = System/Library/Frameworks/UIKit.framework; sourceTree = SDKROOT; };
		2860E325111B887F00E27156 /* AppDelegate_Phone.h */ = {isa = PBXFileReference; fileEncoding = 4; lastKnownFileType = sourcecode.c.h; path = AppDelegate_Phone.h; sourceTree = "<group>"; };
		2860E326111B887F00E27156 /* AppDelegate_Phone.m */ = {isa = PBXFileReference; fileEncoding = 4; lastKnownFileType = sourcecode.c.objc; path = AppDelegate_Phone.m; sourceTree = "<group>"; };
		2860E32B111B888700E27156 /* AppDelegate_Pad.h */ = {isa = PBXFileReference; fileEncoding = 4; lastKnownFileType = sourcecode.c.h; path = AppDelegate_Pad.h; sourceTree = "<group>"; };
		2860E32C111B888700E27156 /* AppDelegate_Pad.m */ = {isa = PBXFileReference; fileEncoding = 4; lastKnownFileType = sourcecode.c.objc; path = AppDelegate_Pad.m; sourceTree = "<group>"; };
		288765FC0DF74451002DB57D /* CoreGraphics.framework */ = {isa = PBXFileReference; lastKnownFileType = wrapper.framework; name = CoreGraphics.framework; path = System/Library/Frameworks/CoreGraphics.framework; sourceTree = SDKROOT; };
		29B97316FDCFA39411CA2CEA /* main.m */ = {isa = PBXFileReference; fileEncoding = 4; lastKnownFileType = sourcecode.c.objc; name = main.m; path = Shared/main.m; sourceTree = "<group>"; };
		32CA4F630368D1EE00C91783 /* friendgraph_Prefix.pch */ = {isa = PBXFileReference; fileEncoding = 4; lastKnownFileType = sourcecode.c.h; path = friendgraph_Prefix.pch; sourceTree = "<group>"; };
		8D1107310486CEB800E47090 /* friendgraph-Info.plist */ = {isa = PBXFileReference; fileEncoding = 4; lastKnownFileType = text.plist.xml; path = "friendgraph-Info.plist"; plistStructureDefinitionIdentifier = "com.apple.xcode.plist.structure-definition.iphone.info-plist"; sourceTree = "<group>"; };
		947BF3CD1194CA590044AB96 /* MainController.h */ = {isa = PBXFileReference; fileEncoding = 4; lastKnownFileType = sourcecode.c.h; name = MainController.h; path = Shared/MainController.h; sourceTree = "<group>"; };
		947BF3CE1194CA590044AB96 /* MainController.m */ = {isa = PBXFileReference; fileEncoding = 4; lastKnownFileType = sourcecode.c.objc; name = MainController.m; path = Shared/MainController.m; sourceTree = "<group>"; };
		947BF3D01194CA630044AB96 /* FacebookGraph.h */ = {isa = PBXFileReference; fileEncoding = 4; lastKnownFileType = sourcecode.c.h; name = FacebookGraph.h; path = Shared/FacebookGraph.h; sourceTree = "<group>"; };
		947BF3D11194CA630044AB96 /* FacebookGraph.m */ = {isa = PBXFileReference; fileEncoding = 4; lastKnownFileType = sourcecode.c.objc; name = FacebookGraph.m; path = Shared/FacebookGraph.m; sourceTree = "<group>"; };
		947BF3E41194CAF20044AB96 /* FBConnect.xcodeproj */ = {isa = PBXFileReference; lastKnownFileType = "wrapper.pb-project"; name = FBConnect.xcodeproj; path = "../../../facebook-iphone-sdk/src/FBConnect.xcodeproj"; sourceTree = SOURCE_ROOT; };
		947BF43A1194CC320044AB96 /* rcloudlib.h */ = {isa = PBXFileReference; fileEncoding = 4; lastKnownFileType = sourcecode.c.h; path = rcloudlib.h; sourceTree = "<group>"; };
		947BF43B1194CC320044AB96 /* Util.h */ = {isa = PBXFileReference; fileEncoding = 4; lastKnownFileType = sourcecode.c.h; path = Util.h; sourceTree = "<group>"; };
		947BF43C1194CC320044AB96 /* rcloudlibconstants.h */ = {isa = PBXFileReference; fileEncoding = 4; lastKnownFileType = sourcecode.c.h; path = rcloudlibconstants.h; sourceTree = "<group>"; };
		947BF43E1194CC320044AB96 /* UIControl-Expanded.h */ = {isa = PBXFileReference; fileEncoding = 4; lastKnownFileType = sourcecode.c.h; path = "UIControl-Expanded.h"; sourceTree = "<group>"; };
		947BF43F1194CC320044AB96 /* UITextView-Expanded.h */ = {isa = PBXFileReference; fileEncoding = 4; lastKnownFileType = sourcecode.c.h; path = "UITextView-Expanded.h"; sourceTree = "<group>"; };
		947BF4401194CC320044AB96 /* UIViewController-Expanded.h */ = {isa = PBXFileReference; fileEncoding = 4; lastKnownFileType = sourcecode.c.h; path = "UIViewController-Expanded.h"; sourceTree = "<group>"; };
		947BF4411194CC320044AB96 /* UIColor-Expanded.h */ = {isa = PBXFileReference; fileEncoding = 4; lastKnownFileType = sourcecode.c.h; path = "UIColor-Expanded.h"; sourceTree = "<group>"; };
		947BF4421194CC320044AB96 /* UIView-Expanded.h */ = {isa = PBXFileReference; fileEncoding = 4; lastKnownFileType = sourcecode.c.h; path = "UIView-Expanded.h"; sourceTree = "<group>"; };
		947BF4431194CC320044AB96 /* UIImage-Expanded.h */ = {isa = PBXFileReference; fileEncoding = 4; lastKnownFileType = sourcecode.c.h; path = "UIImage-Expanded.h"; sourceTree = "<group>"; };
		947BF4441194CC320044AB96 /* UISwitch-Extended.h */ = {isa = PBXFileReference; fileEncoding = 4; lastKnownFileType = sourcecode.c.h; path = "UISwitch-Extended.h"; sourceTree = "<group>"; };
		947BF4461194CC320044AB96 /* BitmapView.h */ = {isa = PBXFileReference; fileEncoding = 4; lastKnownFileType = sourcecode.c.h; path = BitmapView.h; sourceTree = "<group>"; };
		947BF4471194CC320044AB96 /* FieldEditController.h */ = {isa = PBXFileReference; fileEncoding = 4; lastKnownFileType = sourcecode.c.h; path = FieldEditController.h; sourceTree = "<group>"; };
		947BF4481194CC320044AB96 /* RCLabel.h */ = {isa = PBXFileReference; fileEncoding = 4; lastKnownFileType = sourcecode.c.h; path = RCLabel.h; sourceTree = "<group>"; };
		947BF4491194CC320044AB96 /* CustomFontBase.h */ = {isa = PBXFileReference; fileEncoding = 4; lastKnownFileType = sourcecode.c.h; path = CustomFontBase.h; sourceTree = "<group>"; };
		947BF44A1194CC320044AB96 /* ImagePickerController.h */ = {isa = PBXFileReference; fileEncoding = 4; lastKnownFileType = sourcecode.c.h; path = ImagePickerController.h; sourceTree = "<group>"; };
		947BF44B1194CC320044AB96 /* ImageButton.h */ = {isa = PBXFileReference; fileEncoding = 4; lastKnownFileType = sourcecode.c.h; path = ImageButton.h; sourceTree = "<group>"; };
		947BF44C1194CC320044AB96 /* BusyViewController.h */ = {isa = PBXFileReference; fileEncoding = 4; lastKnownFileType = sourcecode.c.h; path = BusyViewController.h; sourceTree = "<group>"; };
		947BF44D1194CC320044AB96 /* RoundedView.h */ = {isa = PBXFileReference; fileEncoding = 4; lastKnownFileType = sourcecode.c.h; path = RoundedView.h; sourceTree = "<group>"; };
		947BF44F1194CC320044AB96 /* Util.m */ = {isa = PBXFileReference; fileEncoding = 4; lastKnownFileType = sourcecode.c.objc; name = Util.m; path = ../../../rcloudlib/Classes/Util.m; sourceTree = SOURCE_ROOT; };
		947BF4501194CC320044AB96 /* rcloudlibconstants.m */ = {isa = PBXFileReference; fileEncoding = 4; lastKnownFileType = sourcecode.c.objc; name = rcloudlibconstants.m; path = ../../../rcloudlib/Classes/rcloudlibconstants.m; sourceTree = SOURCE_ROOT; };
		947BF4521194CC320044AB96 /* UIControl-Expanded.m */ = {isa = PBXFileReference; fileEncoding = 4; lastKnownFileType = sourcecode.c.objc; name = "UIControl-Expanded.m"; path = "../../../rcloudlib/Classes/UIControl-Expanded.m"; sourceTree = SOURCE_ROOT; };
		947BF4531194CC320044AB96 /* UITextView-Expanded.m */ = {isa = PBXFileReference; fileEncoding = 4; lastKnownFileType = sourcecode.c.objc; name = "UITextView-Expanded.m"; path = "../../../rcloudlib/Classes/UITextView-Expanded.m"; sourceTree = SOURCE_ROOT; };
		947BF4541194CC320044AB96 /* UIViewController-Expanded.m */ = {isa = PBXFileReference; fileEncoding = 4; lastKnownFileType = sourcecode.c.objc; name = "UIViewController-Expanded.m"; path = "../../../rcloudlib/Classes/UIViewController-Expanded.m"; sourceTree = SOURCE_ROOT; };
		947BF4551194CC320044AB96 /* UIColor-Expanded.m */ = {isa = PBXFileReference; fileEncoding = 4; lastKnownFileType = sourcecode.c.objc; name = "UIColor-Expanded.m"; path = "../../../rcloudlib/Classes/UIColor-Expanded.m"; sourceTree = SOURCE_ROOT; };
		947BF4561194CC320044AB96 /* UIView-Expanded.m */ = {isa = PBXFileReference; fileEncoding = 4; lastKnownFileType = sourcecode.c.objc; name = "UIView-Expanded.m"; path = "../../../rcloudlib/Classes/UIView-Expanded.m"; sourceTree = SOURCE_ROOT; };
		947BF4571194CC320044AB96 /* UIImage-Expanded.m */ = {isa = PBXFileReference; fileEncoding = 4; lastKnownFileType = sourcecode.c.objc; name = "UIImage-Expanded.m"; path = "../../../rcloudlib/Classes/UIImage-Expanded.m"; sourceTree = SOURCE_ROOT; };
		947BF4581194CC320044AB96 /* UISwitch-Extended.m */ = {isa = PBXFileReference; fileEncoding = 4; lastKnownFileType = sourcecode.c.objc; name = "UISwitch-Extended.m"; path = "../../../rcloudlib/Classes/UISwitch-Extended.m"; sourceTree = SOURCE_ROOT; };
		947BF45A1194CC320044AB96 /* BitmapView.m */ = {isa = PBXFileReference; fileEncoding = 4; lastKnownFileType = sourcecode.c.objc; name = BitmapView.m; path = ../../../rcloudlib/Classes/BitmapView.m; sourceTree = SOURCE_ROOT; };
		947BF45B1194CC320044AB96 /* FieldEditController.m */ = {isa = PBXFileReference; fileEncoding = 4; lastKnownFileType = sourcecode.c.objc; name = FieldEditController.m; path = ../../../rcloudlib/Classes/FieldEditController.m; sourceTree = SOURCE_ROOT; };
		947BF45C1194CC320044AB96 /* RCLabel.m */ = {isa = PBXFileReference; fileEncoding = 4; lastKnownFileType = sourcecode.c.objc; name = RCLabel.m; path = ../../../rcloudlib/Classes/RCLabel.m; sourceTree = SOURCE_ROOT; };
		947BF45D1194CC320044AB96 /* CustomFontBase.m */ = {isa = PBXFileReference; fileEncoding = 4; lastKnownFileType = sourcecode.c.objc; name = CustomFontBase.m; path = ../../../rcloudlib/Classes/CustomFontBase.m; sourceTree = SOURCE_ROOT; };
		947BF45E1194CC320044AB96 /* ImagePickerController.m */ = {isa = PBXFileReference; fileEncoding = 4; lastKnownFileType = sourcecode.c.objc; name = ImagePickerController.m; path = ../../../rcloudlib/Classes/ImagePickerController.m; sourceTree = SOURCE_ROOT; };
		947BF45F1194CC320044AB96 /* ImageButton.m */ = {isa = PBXFileReference; fileEncoding = 4; lastKnownFileType = sourcecode.c.objc; name = ImageButton.m; path = ../../../rcloudlib/Classes/ImageButton.m; sourceTree = SOURCE_ROOT; };
		947BF4601194CC320044AB96 /* BusyViewController.m */ = {isa = PBXFileReference; fileEncoding = 4; lastKnownFileType = sourcecode.c.objc; name = BusyViewController.m; path = ../../../rcloudlib/Classes/BusyViewController.m; sourceTree = SOURCE_ROOT; };
		947BF4611194CC320044AB96 /* RoundedView.m */ = {isa = PBXFileReference; fileEncoding = 4; lastKnownFileType = sourcecode.c.objc; name = RoundedView.m; path = ../../../rcloudlib/Classes/RoundedView.m; sourceTree = SOURCE_ROOT; };
		947BF4631194CC320044AB96 /* 1_bar_table_transcorners.png */ = {isa = PBXFileReference; lastKnownFileType = image.png; name = 1_bar_table_transcorners.png; path = ../../../rcloudlib/Images/1_bar_table_transcorners.png; sourceTree = SOURCE_ROOT; };
		947BF48A1194CD3E0044AB96 /* Constants.h */ = {isa = PBXFileReference; fileEncoding = 4; lastKnownFileType = sourcecode.c.h; name = Constants.h; path = Shared/Constants.h; sourceTree = "<group>"; };
		947BF48B1194CD3E0044AB96 /* Constants.m */ = {isa = PBXFileReference; fileEncoding = 4; lastKnownFileType = sourcecode.c.objc; name = Constants.m; path = Shared/Constants.m; sourceTree = "<group>"; };
		947BF4931194CEE30044AB96 /* libFBPlatform.a */ = {isa = PBXFileReference; lastKnownFileType = archive.ar; name = libFBPlatform.a; path = "../../../facebook-iphone-sdk/src/build/Debug-iphonesimulator/libFBPlatform.a"; sourceTree = SOURCE_ROOT; };
		947BF4951194CEF50044AB96 /* QuartzCore.framework */ = {isa = PBXFileReference; lastKnownFileType = wrapper.framework; name = QuartzCore.framework; path = System/Library/Frameworks/QuartzCore.framework; sourceTree = SDKROOT; };
		9495A1831191650F00BA21E3 /* Entitlements.plist */ = {isa = PBXFileReference; fileEncoding = 4; lastKnownFileType = text.plist.xml; path = Entitlements.plist; sourceTree = "<group>"; };
/* End PBXFileReference section */

/* Begin PBXFrameworksBuildPhase section */
		1D60588F0D05DD3D006BFB54 /* Frameworks */ = {
			isa = PBXFrameworksBuildPhase;
			buildActionMask = 2147483647;
			files = (
				1D60589F0D05DD5A006BFB54 /* Foundation.framework in Frameworks */,
				1DF5F4E00D08C38300B7A737 /* UIKit.framework in Frameworks */,
				288765FD0DF74451002DB57D /* CoreGraphics.framework in Frameworks */,
				947BF4941194CEE30044AB96 /* libFBPlatform.a in Frameworks */,
				947BF4961194CEF50044AB96 /* QuartzCore.framework in Frameworks */,
			);
			runOnlyForDeploymentPostprocessing = 0;
		};
/* End PBXFrameworksBuildPhase section */

/* Begin PBXGroup section */
		19C28FACFE9D520D11CA2CBB /* Products */ = {
			isa = PBXGroup;
			children = (
				1D6058910D05DD3D006BFB54 /* friendgraph.app */,
			);
			name = Products;
			sourceTree = "<group>";
		};
		2860E324111B887F00E27156 /* iPhone */ = {
			isa = PBXGroup;
			children = (
				2860E325111B887F00E27156 /* AppDelegate_Phone.h */,
				2860E326111B887F00E27156 /* AppDelegate_Phone.m */,
			);
			path = iPhone;
			sourceTree = "<group>";
		};
		2860E32A111B888700E27156 /* iPad */ = {
			isa = PBXGroup;
			children = (
				2860E32B111B888700E27156 /* AppDelegate_Pad.h */,
				2860E32C111B888700E27156 /* AppDelegate_Pad.m */,
			);
			path = iPad;
			sourceTree = "<group>";
		};
		28EEBF621118D79A00187D67 /* Shared */ = {
			isa = PBXGroup;
			children = (
				947BF48A1194CD3E0044AB96 /* Constants.h */,
				947BF48B1194CD3E0044AB96 /* Constants.m */,
				947BF3D01194CA630044AB96 /* FacebookGraph.h */,
				947BF3D11194CA630044AB96 /* FacebookGraph.m */,
				947BF3CD1194CA590044AB96 /* MainController.h */,
				947BF3CE1194CA590044AB96 /* MainController.m */,
			);
			name = Shared;
			sourceTree = "<group>";
		};
		29B97314FDCFA39411CA2CEA /* CustomTemplate */ = {
			isa = PBXGroup;
			children = (
				947BF3CC1194CA270044AB96 /* Classes */,
				9495A182119164FC00BA21E3 /* Resources */,
				29B97315FDCFA39411CA2CEA /* Other Sources */,
				947BF3E31194CAE90044AB96 /* Libraries */,
				29B97323FDCFA39411CA2CEA /* Frameworks */,
				19C28FACFE9D520D11CA2CBB /* Products */,
			);
			name = CustomTemplate;
			sourceTree = "<group>";
		};
		29B97315FDCFA39411CA2CEA /* Other Sources */ = {
			isa = PBXGroup;
			children = (
				32CA4F630368D1EE00C91783 /* friendgraph_Prefix.pch */,
				29B97316FDCFA39411CA2CEA /* main.m */,
			);
			name = "Other Sources";
			sourceTree = "<group>";
		};
		29B97323FDCFA39411CA2CEA /* Frameworks */ = {
			isa = PBXGroup;
			children = (
				947BF4931194CEE30044AB96 /* libFBPlatform.a */,
				1DF5F4DF0D08C38300B7A737 /* UIKit.framework */,
				1D30AB110D05D00D00671497 /* Foundation.framework */,
				288765FC0DF74451002DB57D /* CoreGraphics.framework */,
				947BF4951194CEF50044AB96 /* QuartzCore.framework */,
			);
			name = Frameworks;
			sourceTree = "<group>";
		};
		947BF3CC1194CA270044AB96 /* Classes */ = {
			isa = PBXGroup;
			children = (
				2860E324111B887F00E27156 /* iPhone */,
				2860E32A111B888700E27156 /* iPad */,
				28EEBF621118D79A00187D67 /* Shared */,
			);
			name = Classes;
			sourceTree = "<group>";
		};
		947BF3E31194CAE90044AB96 /* Libraries */ = {
			isa = PBXGroup;
			children = (
				947BF41B1194CBF30044AB96 /* rcloudlib */,
				947BF3E41194CAF20044AB96 /* FBConnect.xcodeproj */,
			);
			name = Libraries;
			sourceTree = "<group>";
		};
		947BF3E51194CAF20044AB96 /* Products */ = {
			isa = PBXGroup;
			children = (
				947BF3E91194CAF20044AB96 /* libFBPlatform.a */,
			);
			name = Products;
			sourceTree = "<group>";
		};
		947BF41B1194CBF30044AB96 /* rcloudlib */ = {
			isa = PBXGroup;
			children = (
				947BF4781194CC7B0044AB96 /* Public */,
				947BF4621194CC320044AB96 /* Resources */,
				947BF44E1194CC320044AB96 /* Classes */,
				947BF4381194CC320044AB96 /* include */,
			);
			name = rcloudlib;
			sourceTree = "<group>";
		};
		947BF4381194CC320044AB96 /* include */ = {
			isa = PBXGroup;
			children = (
				947BF4771194CC6A0044AB96 /* Class Extensions */,
				947BF4761194CC560044AB96 /* Controls */,
				947BF43B1194CC320044AB96 /* Util.h */,
				947BF43C1194CC320044AB96 /* rcloudlibconstants.h */,
			);
			name = include;
			path = ../../../rcloudlib/include;
			sourceTree = SOURCE_ROOT;
		};
		947BF44E1194CC320044AB96 /* Classes */ = {
			isa = PBXGroup;
			children = (
				947BF4591194CC320044AB96 /* Controls */,
				947BF4511194CC320044AB96 /* Class Extensions */,
				947BF44F1194CC320044AB96 /* Util.m */,
				947BF4501194CC320044AB96 /* rcloudlibconstants.m */,
			);
			name = Classes;
			sourceTree = "<group>";
		};
		947BF4511194CC320044AB96 /* Class Extensions */ = {
			isa = PBXGroup;
			children = (
				947BF4521194CC320044AB96 /* UIControl-Expanded.m */,
				947BF4531194CC320044AB96 /* UITextView-Expanded.m */,
				947BF4541194CC320044AB96 /* UIViewController-Expanded.m */,
				947BF4551194CC320044AB96 /* UIColor-Expanded.m */,
				947BF4561194CC320044AB96 /* UIView-Expanded.m */,
				947BF4571194CC320044AB96 /* UIImage-Expanded.m */,
				947BF4581194CC320044AB96 /* UISwitch-Extended.m */,
			);
			name = "Class Extensions";
			sourceTree = "<group>";
		};
		947BF4591194CC320044AB96 /* Controls */ = {
			isa = PBXGroup;
			children = (
				947BF45A1194CC320044AB96 /* BitmapView.m */,
				947BF45B1194CC320044AB96 /* FieldEditController.m */,
				947BF45C1194CC320044AB96 /* RCLabel.m */,
				947BF45D1194CC320044AB96 /* CustomFontBase.m */,
				947BF45E1194CC320044AB96 /* ImagePickerController.m */,
				947BF45F1194CC320044AB96 /* ImageButton.m */,
				947BF4601194CC320044AB96 /* BusyViewController.m */,
				947BF4611194CC320044AB96 /* RoundedView.m */,
			);
			name = Controls;
			sourceTree = "<group>";
		};
		947BF4621194CC320044AB96 /* Resources */ = {
			isa = PBXGroup;
			children = (
				947BF4631194CC320044AB96 /* 1_bar_table_transcorners.png */,
			);
			name = Resources;
			sourceTree = "<group>";
		};
		947BF4761194CC560044AB96 /* Controls */ = {
			isa = PBXGroup;
			children = (
				947BF4461194CC320044AB96 /* BitmapView.h */,
				947BF4471194CC320044AB96 /* FieldEditController.h */,
				947BF4481194CC320044AB96 /* RCLabel.h */,
				947BF4491194CC320044AB96 /* CustomFontBase.h */,
				947BF44A1194CC320044AB96 /* ImagePickerController.h */,
				947BF44B1194CC320044AB96 /* ImageButton.h */,
				947BF44C1194CC320044AB96 /* BusyViewController.h */,
				947BF44D1194CC320044AB96 /* RoundedView.h */,
			);
			name = Controls;
			sourceTree = "<group>";
		};
		947BF4771194CC6A0044AB96 /* Class Extensions */ = {
			isa = PBXGroup;
			children = (
				947BF43E1194CC320044AB96 /* UIControl-Expanded.h */,
				947BF43F1194CC320044AB96 /* UITextView-Expanded.h */,
				947BF4401194CC320044AB96 /* UIViewController-Expanded.h */,
				947BF4411194CC320044AB96 /* UIColor-Expanded.h */,
				947BF4421194CC320044AB96 /* UIView-Expanded.h */,
				947BF4431194CC320044AB96 /* UIImage-Expanded.h */,
				947BF4441194CC320044AB96 /* UISwitch-Extended.h */,
			);
			name = "Class Extensions";
			sourceTree = "<group>";
		};
		947BF4781194CC7B0044AB96 /* Public */ = {
			isa = PBXGroup;
			children = (
				947BF43A1194CC320044AB96 /* rcloudlib.h */,
			);
			name = Public;
			path = ../../../rcloudlib/include;
			sourceTree = "<group>";
		};
		9495A182119164FC00BA21E3 /* Resources */ = {
			isa = PBXGroup;
			children = (
				9495A1831191650F00BA21E3 /* Entitlements.plist */,
				8D1107310486CEB800E47090 /* friendgraph-Info.plist */,
			);
			name = Resources;
			sourceTree = "<group>";
		};
/* End PBXGroup section */

/* Begin PBXNativeTarget section */
		1D6058900D05DD3D006BFB54 /* friendgraph */ = {
			isa = PBXNativeTarget;
			buildConfigurationList = 1D6058960D05DD3E006BFB54 /* Build configuration list for PBXNativeTarget "friendgraph" */;
			buildPhases = (
				1D60588D0D05DD3D006BFB54 /* Resources */,
				1D60588E0D05DD3D006BFB54 /* Sources */,
				1D60588F0D05DD3D006BFB54 /* Frameworks */,
			);
			buildRules = (
			);
			dependencies = (
			);
			name = friendgraph;
			productName = friendgraph;
			productReference = 1D6058910D05DD3D006BFB54 /* friendgraph.app */;
			productType = "com.apple.product-type.application";
		};
/* End PBXNativeTarget section */

/* Begin PBXProject section */
		29B97313FDCFA39411CA2CEA /* Project object */ = {
			isa = PBXProject;
			buildConfigurationList = C01FCF4E08A954540054247B /* Build configuration list for PBXProject "friendgraph" */;
			compatibilityVersion = "Xcode 3.1";
			hasScannedForEncodings = 1;
			mainGroup = 29B97314FDCFA39411CA2CEA /* CustomTemplate */;
			projectDirPath = "";
			projectReferences = (
				{
					ProductGroup = 947BF3E51194CAF20044AB96 /* Products */;
					ProjectRef = 947BF3E41194CAF20044AB96 /* FBConnect.xcodeproj */;
				},
			);
			projectRoot = "";
			targets = (
				1D6058900D05DD3D006BFB54 /* friendgraph */,
			);
		};
/* End PBXProject section */

/* Begin PBXReferenceProxy section */
		947BF3E91194CAF20044AB96 /* libFBPlatform.a */ = {
			isa = PBXReferenceProxy;
			fileType = archive.ar;
			path = libFBPlatform.a;
			remoteRef = 947BF3E81194CAF20044AB96 /* PBXContainerItemProxy */;
			sourceTree = BUILT_PRODUCTS_DIR;
		};
/* End PBXReferenceProxy section */

/* Begin PBXResourcesBuildPhase section */
		1D60588D0D05DD3D006BFB54 /* Resources */ = {
			isa = PBXResourcesBuildPhase;
			buildActionMask = 2147483647;
			files = (
				9495A1841191650F00BA21E3 /* Entitlements.plist in Resources */,
				947BF4751194CC320044AB96 /* 1_bar_table_transcorners.png in Resources */,
			);
			runOnlyForDeploymentPostprocessing = 0;
		};
/* End PBXResourcesBuildPhase section */

/* Begin PBXSourcesBuildPhase section */
		1D60588E0D05DD3D006BFB54 /* Sources */ = {
			isa = PBXSourcesBuildPhase;
			buildActionMask = 2147483647;
			files = (
				1D60589B0D05DD56006BFB54 /* main.m in Sources */,
				2860E328111B887F00E27156 /* AppDelegate_Phone.m in Sources */,
				2860E32E111B888700E27156 /* AppDelegate_Pad.m in Sources */,
				947BF3CF1194CA590044AB96 /* MainController.m in Sources */,
				947BF3D21194CA630044AB96 /* FacebookGraph.m in Sources */,
				947BF4641194CC320044AB96 /* Util.m in Sources */,
				947BF4651194CC320044AB96 /* rcloudlibconstants.m in Sources */,
				947BF4661194CC320044AB96 /* UIControl-Expanded.m in Sources */,
				947BF4671194CC320044AB96 /* UITextView-Expanded.m in Sources */,
				947BF4681194CC320044AB96 /* UIViewController-Expanded.m in Sources */,
				947BF4691194CC320044AB96 /* UIColor-Expanded.m in Sources */,
				947BF46A1194CC320044AB96 /* UIView-Expanded.m in Sources */,
				947BF46B1194CC320044AB96 /* UIImage-Expanded.m in Sources */,
				947BF46C1194CC320044AB96 /* UISwitch-Extended.m in Sources */,
				947BF46D1194CC320044AB96 /* BitmapView.m in Sources */,
				947BF46E1194CC320044AB96 /* FieldEditController.m in Sources */,
				947BF46F1194CC320044AB96 /* RCLabel.m in Sources */,
				947BF4701194CC320044AB96 /* CustomFontBase.m in Sources */,
				947BF4711194CC320044AB96 /* ImagePickerController.m in Sources */,
				947BF4721194CC320044AB96 /* ImageButton.m in Sources */,
				947BF4731194CC320044AB96 /* BusyViewController.m in Sources */,
				947BF4741194CC320044AB96 /* RoundedView.m in Sources */,
				947BF48C1194CD3E0044AB96 /* Constants.m in Sources */,
			);
			runOnlyForDeploymentPostprocessing = 0;
		};
/* End PBXSourcesBuildPhase section */

/* Begin XCBuildConfiguration section */
		1D6058940D05DD3E006BFB54 /* Debug */ = {
			isa = XCBuildConfiguration;
			buildSettings = {
				ALWAYS_SEARCH_USER_PATHS = NO;
				COPY_PHASE_STRIP = NO;
				GCC_DYNAMIC_NO_PIC = NO;
				GCC_OPTIMIZATION_LEVEL = 0;
				GCC_PRECOMPILE_PREFIX_HEADER = YES;
				GCC_PREFIX_HEADER = friendgraph_Prefix.pch;
				INFOPLIST_FILE = "friendgraph-Info.plist";
				LIBRARY_SEARCH_PATHS = (
					"$(inherited)",
					"\"$(SRCROOT)/../../../facebook-iphone-sdk/src/build/Debug-iphonesimulator\"",
				);
				PRODUCT_NAME = friendgraph;
			};
			name = Debug;
		};
		1D6058950D05DD3E006BFB54 /* Release */ = {
			isa = XCBuildConfiguration;
			buildSettings = {
				ALWAYS_SEARCH_USER_PATHS = NO;
				COPY_PHASE_STRIP = YES;
				GCC_PRECOMPILE_PREFIX_HEADER = YES;
				GCC_PREFIX_HEADER = friendgraph_Prefix.pch;
				INFOPLIST_FILE = "friendgraph-Info.plist";
				LIBRARY_SEARCH_PATHS = (
					"$(inherited)",
					"\"$(SRCROOT)/../../../facebook-iphone-sdk/src/build/Debug-iphonesimulator\"",
				);
				PRODUCT_NAME = friendgraph;
				VALIDATE_PRODUCT = YES;
			};
			name = Release;
		};
		C01FCF4F08A954540054247B /* Debug */ = {
			isa = XCBuildConfiguration;
			buildSettings = {
				ARCHS = "$(ARCHS_UNIVERSAL_IPHONE_OS)";
				"CODE_SIGN_IDENTITY[sdk=iphoneos*]" = "iPhone Developer: Ryan Stubblefield (Q5D8HPHVCT)";
				GCC_C_LANGUAGE_STANDARD = c99;
				GCC_TREAT_WARNINGS_AS_ERRORS = YES;
				GCC_WARN_ABOUT_RETURN_TYPE = YES;
				GCC_WARN_SHADOW = YES;
				GCC_WARN_UNUSED_VARIABLE = YES;
				HEADER_SEARCH_PATHS = "${PROJECT_DIR}/../../../facebook-iphone-sdk/src";
				IPHONEOS_DEPLOYMENT_TARGET = 3.1;
				OTHER_CFLAGS = "-DDEBUG";
				PREBINDING = NO;
				"PROVISIONING_PROFILE[sdk=iphoneos*]" = "76AA9E94-A48C-4667-95D4-2EED02BF67AE";
				SDKROOT = iphoneos3.2;
				TARGETED_DEVICE_FAMILY = "1,2";
			};
			name = Debug;
		};
		C01FCF5008A954540054247B /* Release */ = {
			isa = XCBuildConfiguration;
			buildSettings = {
				ARCHS = "$(ARCHS_UNIVERSAL_IPHONE_OS)";
				"CODE_SIGN_IDENTITY[sdk=iphoneos*]" = "iPhone Developer";
				GCC_C_LANGUAGE_STANDARD = c99;
				GCC_TREAT_WARNINGS_AS_ERRORS = YES;
				GCC_WARN_ABOUT_RETURN_TYPE = YES;
				GCC_WARN_SHADOW = YES;
				GCC_WARN_UNUSED_VARIABLE = YES;
				HEADER_SEARCH_PATHS = "${PROJECT_DIR}/../../../facebook-iphone-sdk/src";
				IPHONEOS_DEPLOYMENT_TARGET = 3.1;
				OTHER_CFLAGS = "-DNS_BLOCK_ASSERTIONS=1";
				PREBINDING = NO;
				SDKROOT = iphoneos3.2;
				TARGETED_DEVICE_FAMILY = "1,2";
			};
			name = Release;
		};
/* End XCBuildConfiguration section */

/* Begin XCConfigurationList section */
		1D6058960D05DD3E006BFB54 /* Build configuration list for PBXNativeTarget "friendgraph" */ = {
			isa = XCConfigurationList;
			buildConfigurations = (
				1D6058940D05DD3E006BFB54 /* Debug */,
				1D6058950D05DD3E006BFB54 /* Release */,
			);
			defaultConfigurationIsVisible = 0;
			defaultConfigurationName = Release;
		};
		C01FCF4E08A954540054247B /* Build configuration list for PBXProject "friendgraph" */ = {
			isa = XCConfigurationList;
			buildConfigurations = (
				C01FCF4F08A954540054247B /* Debug */,
				C01FCF5008A954540054247B /* Release */,
			);
			defaultConfigurationIsVisible = 0;
			defaultConfigurationName = Release;
		};
/* End XCConfigurationList section */
	};
	rootObject = 29B97313FDCFA39411CA2CEA /* Project object */;
}
